// !$*UTF8*$!
{
	archiveVersion = 1;
	classes = {
	};
	objectVersion = 50;
	objects = {

/* Begin PBXBuildFile section */
		BE295D1C2278AD3A00166AC6 /* AppDelegate.swift in Sources */ = {isa = PBXBuildFile; fileRef = BE295D1B2278AD3A00166AC6 /* AppDelegate.swift */; };
		BE295D1E2278AD3A00166AC6 /* ViewController.swift in Sources */ = {isa = PBXBuildFile; fileRef = BE295D1D2278AD3A00166AC6 /* ViewController.swift */; };
		BE295D212278AD3A00166AC6 /* Main.storyboard in Resources */ = {isa = PBXBuildFile; fileRef = BE295D1F2278AD3A00166AC6 /* Main.storyboard */; };
		BE295D242278AD3A00166AC6 /* AiBeautify.xcdatamodeld in Sources */ = {isa = PBXBuildFile; fileRef = BE295D222278AD3A00166AC6 /* AiBeautify.xcdatamodeld */; };
		BE295D262278AD3C00166AC6 /* Assets.xcassets in Resources */ = {isa = PBXBuildFile; fileRef = BE295D252278AD3C00166AC6 /* Assets.xcassets */; };
		BE295D292278AD3C00166AC6 /* LaunchScreen.storyboard in Resources */ = {isa = PBXBuildFile; fileRef = BE295D272278AD3C00166AC6 /* LaunchScreen.storyboard */; };
/* End PBXBuildFile section */

/* Begin PBXFileReference section */
		BE295D182278AD3A00166AC6 /* AiBeautify.app */ = {isa = PBXFileReference; explicitFileType = wrapper.application; includeInIndex = 0; path = AiBeautify.app; sourceTree = BUILT_PRODUCTS_DIR; };
		BE295D1B2278AD3A00166AC6 /* AppDelegate.swift */ = {isa = PBXFileReference; lastKnownFileType = sourcecode.swift; path = AppDelegate.swift; sourceTree = "<group>"; };
		BE295D1D2278AD3A00166AC6 /* ViewController.swift */ = {isa = PBXFileReference; lastKnownFileType = sourcecode.swift; path = ViewController.swift; sourceTree = "<group>"; };
		BE295D202278AD3A00166AC6 /* Base */ = {isa = PBXFileReference; lastKnownFileType = file.storyboard; name = Base; path = Base.lproj/Main.storyboard; sourceTree = "<group>"; };
		BE295D232278AD3A00166AC6 /* AiBeautify.xcdatamodel */ = {isa = PBXFileReference; lastKnownFileType = wrapper.xcdatamodel; path = AiBeautify.xcdatamodel; sourceTree = "<group>"; };
		BE295D252278AD3C00166AC6 /* Assets.xcassets */ = {isa = PBXFileReference; lastKnownFileType = folder.assetcatalog; path = Assets.xcassets; sourceTree = "<group>"; };
		BE295D282278AD3C00166AC6 /* Base */ = {isa = PBXFileReference; lastKnownFileType = file.storyboard; name = Base; path = Base.lproj/LaunchScreen.storyboard; sourceTree = "<group>"; };
		BE295D2A2278AD3C00166AC6 /* Info.plist */ = {isa = PBXFileReference; lastKnownFileType = text.plist.xml; path = Info.plist; sourceTree = "<group>"; };
/* End PBXFileReference section */

/* Begin PBXFrameworksBuildPhase section */
		BE295D152278AD3A00166AC6 /* Frameworks */ = {
			isa = PBXFrameworksBuildPhase;
			buildActionMask = 2147483647;
			files = (
			);
			runOnlyForDeploymentPostprocessing = 0;
		};
/* End PBXFrameworksBuildPhase section */

/* Begin PBXGroup section */
		BE295D0F2278AD3A00166AC6 = {
			isa = PBXGroup;
			children = (
				BE295D1A2278AD3A00166AC6 /* AiBeautify */,
				BE295D192278AD3A00166AC6 /* Products */,
			);
			sourceTree = "<group>";
		};
		BE295D192278AD3A00166AC6 /* Products */ = {
			isa = PBXGroup;
			children = (
				BE295D182278AD3A00166AC6 /* AiBeautify.app */,
			);
			name = Products;
			sourceTree = "<group>";
		};
		BE295D1A2278AD3A00166AC6 /* AiBeautify */ = {
			isa = PBXGroup;
			children = (
				BE295D1B2278AD3A00166AC6 /* AppDelegate.swift */,
				BE295D1D2278AD3A00166AC6 /* ViewController.swift */,
				BE295D1F2278AD3A00166AC6 /* Main.storyboard */,
				BE295D252278AD3C00166AC6 /* Assets.xcassets */,
				BE295D272278AD3C00166AC6 /* LaunchScreen.storyboard */,
				BE295D2A2278AD3C00166AC6 /* Info.plist */,
				BE295D222278AD3A00166AC6 /* AiBeautify.xcdatamodeld */,
			);
			path = AiBeautify;
			sourceTree = "<group>";
		};
/* End PBXGroup section */

/* Begin PBXNativeTarget section */
		BE295D172278AD3A00166AC6 /* AiBeautify */ = {
			isa = PBXNativeTarget;
			buildConfigurationList = BE295D2D2278AD3C00166AC6 /* Build configuration list for PBXNativeTarget "AiBeautify" */;
			buildPhases = (
				BE295D142278AD3A00166AC6 /* Sources */,
				BE295D152278AD3A00166AC6 /* Frameworks */,
				BE295D162278AD3A00166AC6 /* Resources */,
			);
			buildRules = (
			);
			dependencies = (
			);
			name = AiBeautify;
			productName = AiBeautify;
			productReference = BE295D182278AD3A00166AC6 /* AiBeautify.app */;
			productType = "com.apple.product-type.application";
		};
/* End PBXNativeTarget section */

/* Begin PBXProject section */
		BE295D102278AD3A00166AC6 /* Project object */ = {
			isa = PBXProject;
			attributes = {
				LastSwiftUpdateCheck = 1020;
				LastUpgradeCheck = 1020;
				ORGANIZATIONNAME = "Dalian University Of Technology";
				TargetAttributes = {
					BE295D172278AD3A00166AC6 = {
						CreatedOnToolsVersion = 10.2.1;
					};
				};
			};
			buildConfigurationList = BE295D132278AD3A00166AC6 /* Build configuration list for PBXProject "AiBeautify" */;
			compatibilityVersion = "Xcode 9.3";
			developmentRegion = en;
			hasScannedForEncodings = 0;
			knownRegions = (
				en,
				Base,
			);
			mainGroup = BE295D0F2278AD3A00166AC6;
			productRefGroup = BE295D192278AD3A00166AC6 /* Products */;
			projectDirPath = "";
			projectRoot = "";
			targets = (
				BE295D172278AD3A00166AC6 /* AiBeautify */,
			);
		};
/* End PBXProject section */

/* Begin PBXResourcesBuildPhase section */
		BE295D162278AD3A00166AC6 /* Resources */ = {
			isa = PBXResourcesBuildPhase;
			buildActionMask = 2147483647;
			files = (
				BE295D292278AD3C00166AC6 /* LaunchScreen.storyboard in Resources */,
				BE295D262278AD3C00166AC6 /* Assets.xcassets in Resources */,
				BE295D212278AD3A00166AC6 /* Main.storyboard in Resources */,
			);
			runOnlyForDeploymentPostprocessing = 0;
		};
/* End PBXResourcesBuildPhase section */

/* Begin PBXSourcesBuildPhase section */
		BE295D142278AD3A00166AC6 /* Sources */ = {
			isa = PBXSourcesBuildPhase;
			buildActionMask = 2147483647;
			files = (
				BE295D1E2278AD3A00166AC6 /* ViewController.swift in Sources */,
				BE295D242278AD3A00166AC6 /* AiBeautify.xcdatamodeld in Sources */,
				BE295D1C2278AD3A00166AC6 /* AppDelegate.swift in Sources */,
			);
			runOnlyForDeploymentPostprocessing = 0;
		};
/* End PBXSourcesBuildPhase section */

/* Begin PBXVariantGroup section */
		BE295D1F2278AD3A00166AC6 /* Main.storyboard */ = {
			isa = PBXVariantGroup;
			children = (
				BE295D202278AD3A00166AC6 /* Base */,
			);
			name = Main.storyboard;
			sourceTree = "<group>";
		};
		BE295D272278AD3C00166AC6 /* LaunchScreen.storyboard */ = {
			isa = PBXVariantGroup;
			children = (
				BE295D282278AD3C00166AC6 /* Base */,
			);
			name = LaunchScreen.storyboard;
			sourceTree = "<group>";
		};
/* End PBXVariantGroup section */

/* Begin XCBuildConfiguration section */
		BE295D2B2278AD3C00166AC6 /* Debug */ = {
			isa = XCBuildConfiguration;
			buildSettings = {
				ALWAYS_SEARCH_USER_PATHS = NO;
				CLANG_ANALYZER_NONNULL = YES;
				CLANG_ANALYZER_NUMBER_OBJECT_CONVERSION = YES_AGGRESSIVE;
				CLANG_CXX_LANGUAGE_STANDARD = "gnu++14";
				CLANG_CXX_LIBRARY = "libc++";
				CLANG_ENABLE_MODULES = YES;
				CLANG_ENABLE_OBJC_ARC = YES;
				CLANG_ENABLE_OBJC_WEAK = YES;
				CLANG_WARN_BLOCK_CAPTURE_AUTORELEASING = YES;
				CLANG_WARN_BOOL_CONVERSION = YES;
				CLANG_WARN_COMMA = YES;
				CLANG_WARN_CONSTANT_CONVERSION = YES;
				CLANG_WARN_DEPRECATED_OBJC_IMPLEMENTATIONS = YES;
				CLANG_WARN_DIRECT_OBJC_ISA_USAGE = YES_ERROR;
				CLANG_WARN_DOCUMENTATION_COMMENTS = YES;
				CLANG_WARN_EMPTY_BODY = YES;
				CLANG_WARN_ENUM_CONVERSION = YES;
				CLANG_WARN_INFINITE_RECURSION = YES;
				CLANG_WARN_INT_CONVERSION = YES;
				CLANG_WARN_NON_LITERAL_NULL_CONVERSION = YES;
				CLANG_WARN_OBJC_IMPLICIT_RETAIN_SELF = YES;
				CLANG_WARN_OBJC_LITERAL_CONVERSION = YES;
				CLANG_WARN_OBJC_ROOT_CLASS = YES_ERROR;
				CLANG_WARN_RANGE_LOOP_ANALYSIS = YES;
				CLANG_WARN_STRICT_PROTOTYPES = YES;
				CLANG_WARN_SUSPICIOUS_MOVE = YES;
				CLANG_WARN_UNGUARDED_AVAILABILITY = YES_AGGRESSIVE;
				CLANG_WARN_UNREACHABLE_CODE = YES;
				CLANG_WARN__DUPLICATE_METHOD_MATCH = YES;
				CODE_SIGN_IDENTITY = "iPhone Developer";
				COPY_PHASE_STRIP = NO;
				DEBUG_INFORMATION_FORMAT = dwarf;
				ENABLE_STRICT_OBJC_MSGSEND = YES;
				ENABLE_TESTABILITY = YES;
				GCC_C_LANGUAGE_STANDARD = gnu11;
				GCC_DYNAMIC_NO_PIC = NO;
				GCC_NO_COMMON_BLOCKS = YES;
				GCC_OPTIMIZATION_LEVEL = 0;
				GCC_PREPROCESSOR_DEFINITIONS = (
					"DEBUG=1",
					"$(inherited)",
				);
				GCC_WARN_64_TO_32_BIT_CONVERSION = YES;
				GCC_WARN_ABOUT_RETURN_TYPE = YES_ERROR;
				GCC_WARN_UNDECLARED_SELECTOR = YES;
				GCC_WARN_UNINITIALIZED_AUTOS = YES_AGGRESSIVE;
				GCC_WARN_UNUSED_FUNCTION = YES;
				GCC_WARN_UNUSED_VARIABLE = YES;
				IPHONEOS_DEPLOYMENT_TARGET = 12.2;
				MTL_ENABLE_DEBUG_INFO = INCLUDE_SOURCE;
				MTL_FAST_MATH = YES;
				ONLY_ACTIVE_ARCH = YES;
				SDKROOT = iphoneos;
				SWIFT_ACTIVE_COMPILATION_CONDITIONS = DEBUG;
				SWIFT_OPTIMIZATION_LEVEL = "-Onone";
			};
			name = Debug;
		};
		BE295D2C2278AD3C00166AC6 /* Release */ = {
			isa = XCBuildConfiguration;
			buildSettings = {
				ALWAYS_SEARCH_USER_PATHS = NO;
				CLANG_ANALYZER_NONNULL = YES;
				CLANG_ANALYZER_NUMBER_OBJECT_CONVERSION = YES_AGGRESSIVE;
				CLANG_CXX_LANGUAGE_STANDARD = "gnu++14";
				CLANG_CXX_LIBRARY = "libc++";
				CLANG_ENABLE_MODULES = YES;
				CLANG_ENABLE_OBJC_ARC = YES;
				CLANG_ENABLE_OBJC_WEAK = YES;
				CLANG_WARN_BLOCK_CAPTURE_AUTORELEASING = YES;
				CLANG_WARN_BOOL_CONVERSION = YES;
				CLANG_WARN_COMMA = YES;
				CLANG_WARN_CONSTANT_CONVERSION = YES;
				CLANG_WARN_DEPRECATED_OBJC_IMPLEMENTATIONS = YES;
				CLANG_WARN_DIRECT_OBJC_ISA_USAGE = YES_ERROR;
				CLANG_WARN_DOCUMENTATION_COMMENTS = YES;
				CLANG_WARN_EMPTY_BODY = YES;
				CLANG_WARN_ENUM_CONVERSION = YES;
				CLANG_WARN_INFINITE_RECURSION = YES;
				CLANG_WARN_INT_CONVERSION = YES;
				CLANG_WARN_NON_LITERAL_NULL_CONVERSION = YES;
				CLANG_WARN_OBJC_IMPLICIT_RETAIN_SELF = YES;
				CLANG_WARN_OBJC_LITERAL_CONVERSION = YES;
				CLANG_WARN_OBJC_ROOT_CLASS = YES_ERROR;
				CLANG_WARN_RANGE_LOOP_ANALYSIS = YES;
				CLANG_WARN_STRICT_PROTOTYPES = YES;
				CLANG_WARN_SUSPICIOUS_MOVE = YES;
				CLANG_WARN_UNGUARDED_AVAILABILITY = YES_AGGRESSIVE;
				CLANG_WARN_UNREACHABLE_CODE = YES;
				CLANG_WARN__DUPLICATE_METHOD_MATCH = YES;
				CODE_SIGN_IDENTITY = "iPhone Developer";
				COPY_PHASE_STRIP = NO;
				DEBUG_INFORMATION_FORMAT = "dwarf-with-dsym";
				ENABLE_NS_ASSERTIONS = NO;
				ENABLE_STRICT_OBJC_MSGSEND = YES;
				GCC_C_LANGUAGE_STANDARD = gnu11;
				GCC_NO_COMMON_BLOCKS = YES;
				GCC_WARN_64_TO_32_BIT_CONVERSION = YES;
				GCC_WARN_ABOUT_RETURN_TYPE = YES_ERROR;
				GCC_WARN_UNDECLARED_SELECTOR = YES;
				GCC_WARN_UNINITIALIZED_AUTOS = YES_AGGRESSIVE;
				GCC_WARN_UNUSED_FUNCTION = YES;
				GCC_WARN_UNUSED_VARIABLE = YES;
				IPHONEOS_DEPLOYMENT_TARGET = 12.2;
				MTL_ENABLE_DEBUG_INFO = NO;
				MTL_FAST_MATH = YES;
				SDKROOT = iphoneos;
				SWIFT_COMPILATION_MODE = wholemodule;
				SWIFT_OPTIMIZATION_LEVEL = "-O";
				VALIDATE_PRODUCT = YES;
			};
			name = Release;
		};
		BE295D2E2278AD3C00166AC6 /* Debug */ = {
			isa = XCBuildConfiguration;
			buildSettings = {
				ASSETCATALOG_COMPILER_APPICON_NAME = AppIcon;
				CODE_SIGN_STYLE = Automatic;
				DEVELOPMENT_TEAM = 9RBABFVUZL;
				INFOPLIST_FILE = AiBeautify/Info.plist;
				LD_RUNPATH_SEARCH_PATHS = (
					"$(inherited)",
					"@executable_path/Frameworks",
				);
				PRODUCT_BUNDLE_IDENTIFIER = aUcid.dev.AiBeautify;
				PRODUCT_NAME = "$(TARGET_NAME)";
				SWIFT_VERSION = 5.0;
				TARGETED_DEVICE_FAMILY = "1,2";
			};
			name = Debug;
		};
		BE295D2F2278AD3C00166AC6 /* Release */ = {
			isa = XCBuildConfiguration;
			buildSettings = {
				ASSETCATALOG_COMPILER_APPICON_NAME = AppIcon;
				CODE_SIGN_STYLE = Automatic;
				DEVELOPMENT_TEAM = 9RBABFVUZL;
				INFOPLIST_FILE = AiBeautify/Info.plist;
				LD_RUNPATH_SEARCH_PATHS = (
					"$(inherited)",
					"@executable_path/Frameworks",
				);
				PRODUCT_BUNDLE_IDENTIFIER = aUcid.dev.AiBeautify;
				PRODUCT_NAME = "$(TARGET_NAME)";
				SWIFT_VERSION = 5.0;
				TARGETED_DEVICE_FAMILY = "1,2";
			};
			name = Release;
		};
/* End XCBuildConfiguration section */

/* Begin XCConfigurationList section */
		BE295D132278AD3A00166AC6 /* Build configuration list for PBXProject "AiBeautify" */ = {
			isa = XCConfigurationList;
			buildConfigurations = (
				BE295D2B2278AD3C00166AC6 /* Debug */,
				BE295D2C2278AD3C00166AC6 /* Release */,
			);
			defaultConfigurationIsVisible = 0;
			defaultConfigurationName = Release;
		};
		BE295D2D2278AD3C00166AC6 /* Build configuration list for PBXNativeTarget "AiBeautify" */ = {
			isa = XCConfigurationList;
			buildConfigurations = (
				BE295D2E2278AD3C00166AC6 /* Debug */,
				BE295D2F2278AD3C00166AC6 /* Release */,
			);
			defaultConfigurationIsVisible = 0;
			defaultConfigurationName = Release;
		};
/* End XCConfigurationList section */

/* Begin XCVersionGroup section */
		BE295D222278AD3A00166AC6 /* AiBeautify.xcdatamodeld */ = {
			isa = XCVersionGroup;
			children = (
				BE295D232278AD3A00166AC6 /* AiBeautify.xcdatamodel */,
			);
			currentVersion = BE295D232278AD3A00166AC6 /* AiBeautify.xcdatamodel */;
			path = AiBeautify.xcdatamodeld;
			sourceTree = "<group>";
			versionGroupType = wrapper.xcdatamodel;
		};
/* End XCVersionGroup section */
	};
	rootObject = BE295D102278AD3A00166AC6 /* Project object */;
}
